
Microsoft Visual Studio Solution File, Format Version 12.00
# Visual Studio Version 16
VisualStudioVersion = 16.0.30907.101
MinimumVisualStudioVersion = 10.0.40219.1
Project("{FAE04EC0-301F-11D3-BF4B-00C04F79EFBC}") = "Entities", "Entities\Entities.csproj", "{5D5A95B3-0236-4B12-804D-3E80B992B901}"
EndProject
Project("{FAE04EC0-301F-11D3-BF4B-00C04F79EFBC}") = "DataAccess", "DataAccess\DataAccess.csproj", "{50B234E3-F8C8-4B37-A107-C238FE97DD13}"
EndProject
Project("{FAE04EC0-301F-11D3-BF4B-00C04F79EFBC}") = "Business", "Business\Business.csproj", "{91A23166-C6D8-41EC-AA19-7E629B4C2DBB}"
EndProject
Project("{FAE04EC0-301F-11D3-BF4B-00C04F79EFBC}") = "ConsoleUI", "Console\ConsoleUI.csproj", "{C138C8F5-582D-46A7-9642-4A78E7E24053}"
EndProject
Global
	GlobalSection(SolutionConfigurationPlatforms) = preSolution
		Debug|Any CPU = Debug|Any CPU
		Release|Any CPU = Release|Any CPU
	EndGlobalSection
	GlobalSection(ProjectConfigurationPlatforms) = postSolution
		{5D5A95B3-0236-4B12-804D-3E80B992B901}.Debug|Any CPU.ActiveCfg = Debug|Any CPU
		{5D5A95B3-0236-4B12-804D-3E80B992B901}.Debug|Any CPU.Build.0 = Debug|Any CPU
		{5D5A95B3-0236-4B12-804D-3E80B992B901}.Release|Any CPU.ActiveCfg = Release|Any CPU
		{5D5A95B3-0236-4B12-804D-3E80B992B901}.Release|Any CPU.Build.0 = Release|Any CPU
		{50B234E3-F8C8-4B37-A107-C238FE97DD13}.Debug|Any CPU.ActiveCfg = Debug|Any CPU
		{50B234E3-F8C8-4B37-A107-C238FE97DD13}.Debug|Any CPU.Build.0 = Debug|Any CPU
		{50B234E3-F8C8-4B37-A107-C238FE97DD13}.Release|Any CPU.ActiveCfg = Release|Any CPU
		{50B234E3-F8C8-4B37-A107-C238FE97DD13}.Release|Any CPU.Build.0 = Release|Any CPU
		{91A23166-C6D8-41EC-AA19-7E629B4C2DBB}.Debug|Any CPU.ActiveCfg = Debug|Any CPU
		{91A23166-C6D8-41EC-AA19-7E629B4C2DBB}.Debug|Any CPU.Build.0 = Debug|Any CPU
		{91A23166-C6D8-41EC-AA19-7E629B4C2DBB}.Release|Any CPU.ActiveCfg = Release|Any CPU
		{91A23166-C6D8-41EC-AA19-7E629B4C2DBB}.Release|Any CPU.Build.0 = Release|Any CPU
		{C138C8F5-582D-46A7-9642-4A78E7E24053}.Debug|Any CPU.ActiveCfg = Debug|Any CPU
		{C138C8F5-582D-46A7-9642-4A78E7E24053}.Debug|Any CPU.Build.0 = Debug|Any CPU
		{C138C8F5-582D-46A7-9642-4A78E7E24053}.Release|Any CPU.ActiveCfg = Release|Any CPU
		{C138C8F5-582D-46A7-9642-4A78E7E24053}.Release|Any CPU.Build.0 = Release|Any CPU
	EndGlobalSection
	GlobalSection(SolutionProperties) = preSolution
		HideSolutionNode = FALSE
	EndGlobalSection
	GlobalSection(ExtensibilityGlobals) = postSolution
		SolutionGuid = {2573F1DE-0254-4DCE-855E-FBA91B70AC9E}
	EndGlobalSection
EndGlobal
